
Microsoft Visual Studio Solution File, Format Version 12.00
# Visual Studio Version 17
VisualStudioVersion = 17.12.35707.178
MinimumVisualStudioVersion = 10.0.40219.1
Project("{FAE04EC0-301F-11D3-BF4B-00C04F79EFBC}") = "FinalProj_MobileApp", "FinalProj_MobileApp.csproj", "{8ABE1853-70AD-4FE7-999F-9A6E8FA8C540}"
EndProject
Project("{2150E333-8FDC-42A3-9474-1A3956D46DE8}") = "Solution Items", "Solution Items", "{8EC462FD-D22E-90A8-E5CE-7E832BA40C5D}"
	ProjectSection(SolutionItems) = preProject
		CrimeNotification.cs = CrimeNotification.cs
		CrimeNotificationService.cs = CrimeNotificationService.cs
	EndProjectSection
EndProject
Global
	GlobalSection(SolutionConfigurationPlatforms) = preSolution
		Debug|Any CPU = Debug|Any CPU
		Release|Any CPU = Release|Any CPU
	EndGlobalSection
	GlobalSection(ProjectConfigurationPlatforms) = postSolution
		{8ABE1853-70AD-4FE7-999F-9A6E8FA8C540}.Debug|Any CPU.ActiveCfg = Debug|Any CPU
		{8ABE1853-70AD-4FE7-999F-9A6E8FA8C540}.Debug|Any CPU.Build.0 = Debug|Any CPU
		{8ABE1853-70AD-4FE7-999F-9A6E8FA8C540}.Debug|Any CPU.Deploy.0 = Debug|Any CPU
		{8ABE1853-70AD-4FE7-999F-9A6E8FA8C540}.Release|Any CPU.ActiveCfg = Release|Any CPU
		{8ABE1853-70AD-4FE7-999F-9A6E8FA8C540}.Release|Any CPU.Build.0 = Release|Any CPU
		{8ABE1853-70AD-4FE7-999F-9A6E8FA8C540}.Release|Any CPU.Deploy.0 = Release|Any CPU
	EndGlobalSection
	GlobalSection(SolutionProperties) = preSolution
		HideSolutionNode = FALSE
	EndGlobalSection
	GlobalSection(ExtensibilityGlobals) = postSolution
		SolutionGuid = {A69F287C-814F-4E6A-8A51-F9AF3F0341C2}
	EndGlobalSection
EndGlobal
